
Microsoft Visual Studio Solution File, Format Version 12.00
# Visual Studio Version 16
VisualStudioVersion = 16.0.31005.135
MinimumVisualStudioVersion = 10.0.40219.1
Project("{FAE04EC0-301F-11D3-BF4B-00C04F79EFBC}") = "MicroserviceEtudiant", "MicroserviceEtudiant\MicroserviceEtudiant.csproj", "{5B67CAC6-9501-4019-924F-437C1D6EB5C2}"
EndProject
Global
	GlobalSection(SolutionConfigurationPlatforms) = preSolution
		Debug|Any CPU = Debug|Any CPU
		Release|Any CPU = Release|Any CPU
	EndGlobalSection
	GlobalSection(ProjectConfigurationPlatforms) = postSolution
		{5B67CAC6-9501-4019-924F-437C1D6EB5C2}.Debug|Any CPU.ActiveCfg = Debug|Any CPU
		{5B67CAC6-9501-4019-924F-437C1D6EB5C2}.Debug|Any CPU.Build.0 = Debug|Any CPU
		{5B67CAC6-9501-4019-924F-437C1D6EB5C2}.Release|Any CPU.ActiveCfg = Release|Any CPU
		{5B67CAC6-9501-4019-924F-437C1D6EB5C2}.Release|Any CPU.Build.0 = Release|Any CPU
	EndGlobalSection
	GlobalSection(SolutionProperties) = preSolution
		HideSolutionNode = FALSE
	EndGlobalSection
	GlobalSection(ExtensibilityGlobals) = postSolution
		SolutionGuid = {7E94FF05-1608-47BE-A349-F8D1B992F0A1}
	EndGlobalSection
EndGlobal
